{
  "name": "cordova-plugin-firebase-extended-notification",
  "version": "1.10.0",
  "lockfileVersion": 1,
  "requires": true,
  "dependencies": {
    "cordova-plugin-fcm-with-dependecy-updated": {
      "version": "git+https://github.com/andrehtissot/cordova-plugin-fcm-with-dependecy-updated.git#163f3fb0155980611e87a5e692920f4e7cf637dc"
    }
  }
}
