{
  "name": "cordova-plugin-firebase-extended-notification",
  "version": "1.10.1",
  "lockfileVersion": 1,
  "requires": true,
  "dependencies": {
    "cordova-plugin-fcm-with-dependecy-updated": {
      "version": "git+https://github.com/sanjredfield/cordova-plugin-fcm-with-dependecy-updated.git#de8ea3037e283f6cfabb4e641ac71defb0a8c5d8"
    }
  }
}
